
Microsoft Visual Studio Solution File, Format Version 12.00
# Visual Studio 15
VisualStudioVersion = 15.0.27428.2002
MinimumVisualStudioVersion = 10.0.40219.1
Project("{FAE04EC0-301F-11D3-BF4B-00C04F79EFBC}") = "ConsoleApp1", "ConsoleApp1\ConsoleApp1.csproj", "{7C278204-3F29-40B2-8C0C-D6C6A4FF4277}"
EndProject
Global
	GlobalSection(SolutionConfigurationPlatforms) = preSolution
		Debug|Any CPU = Debug|Any CPU
		Release|Any CPU = Release|Any CPU
	EndGlobalSection
	GlobalSection(ProjectConfigurationPlatforms) = postSolution
		{7C278204-3F29-40B2-8C0C-D6C6A4FF4277}.Debug|Any CPU.ActiveCfg = Debug|Any CPU
		{7C278204-3F29-40B2-8C0C-D6C6A4FF4277}.Debug|Any CPU.Build.0 = Debug|Any CPU
		{7C278204-3F29-40B2-8C0C-D6C6A4FF4277}.Release|Any CPU.ActiveCfg = Release|Any CPU
		{7C278204-3F29-40B2-8C0C-D6C6A4FF4277}.Release|Any CPU.Build.0 = Release|Any CPU
	EndGlobalSection
	GlobalSection(SolutionProperties) = preSolution
		HideSolutionNode = FALSE
	EndGlobalSection
	GlobalSection(ExtensibilityGlobals) = postSolution
		SolutionGuid = {B993FA77-567D-4DC5-891F-CCBEC0E91FC6}
	EndGlobalSection
EndGlobal
