
Microsoft Visual Studio Solution File, Format Version 12.00
# Visual Studio 15
VisualStudioVersion = 15.0.27428.2002
MinimumVisualStudioVersion = 10.0.40219.1
Project("{FAE04EC0-301F-11D3-BF4B-00C04F79EFBC}") = "StringFunctions", "StringFunctions\StringFunctions.csproj", "{0B08E1B3-2D60-40E0-A2C0-5E2ED2DC6506}"
EndProject
Global
	GlobalSection(SolutionConfigurationPlatforms) = preSolution
		Debug|Any CPU = Debug|Any CPU
		Release|Any CPU = Release|Any CPU
	EndGlobalSection
	GlobalSection(ProjectConfigurationPlatforms) = postSolution
		{0B08E1B3-2D60-40E0-A2C0-5E2ED2DC6506}.Debug|Any CPU.ActiveCfg = Debug|Any CPU
		{0B08E1B3-2D60-40E0-A2C0-5E2ED2DC6506}.Debug|Any CPU.Build.0 = Debug|Any CPU
		{0B08E1B3-2D60-40E0-A2C0-5E2ED2DC6506}.Release|Any CPU.ActiveCfg = Release|Any CPU
		{0B08E1B3-2D60-40E0-A2C0-5E2ED2DC6506}.Release|Any CPU.Build.0 = Release|Any CPU
	EndGlobalSection
	GlobalSection(SolutionProperties) = preSolution
		HideSolutionNode = FALSE
	EndGlobalSection
	GlobalSection(ExtensibilityGlobals) = postSolution
		SolutionGuid = {21A06D85-4FB2-4DFF-9166-E6ADBA63E1C8}
	EndGlobalSection
EndGlobal
